
Microsoft Visual Studio Solution File, Format Version 12.00
# Visual Studio Version 16
VisualStudioVersion = 16.0.31105.61
MinimumVisualStudioVersion = 10.0.40219.1
Project("{9A19103F-16F7-4668-BE54-9A1E7A4F7556}") = "WorkOutAppApi.Server", "Server\WorkOutAppApi.Server.csproj", "{DCDFBBB0-6AE1-411D-9263-F6605C69C357}"
EndProject
Project("{9A19103F-16F7-4668-BE54-9A1E7A4F7556}") = "WorkOutAppApi.Client", "Client\WorkOutAppApi.Client.csproj", "{C6A0A868-D97C-4ACC-958A-4C037590B3A1}"
EndProject
Project("{9A19103F-16F7-4668-BE54-9A1E7A4F7556}") = "WorkOutAppApi.Shared", "Shared\WorkOutAppApi.Shared.csproj", "{7366CCCE-17C1-4832-85A7-94221C718208}"
EndProject
Project("{9A19103F-16F7-4668-BE54-9A1E7A4F7556}") = "WorkOutAppDatabase", "WorkOutAppDatabase\WorkOutAppDatabase.csproj", "{533B4980-F8B6-4845-9956-2242C68969E3}"
EndProject
Global
	GlobalSection(SolutionConfigurationPlatforms) = preSolution
		Debug|Any CPU = Debug|Any CPU
		Release|Any CPU = Release|Any CPU
	EndGlobalSection
	GlobalSection(ProjectConfigurationPlatforms) = postSolution
		{DCDFBBB0-6AE1-411D-9263-F6605C69C357}.Debug|Any CPU.ActiveCfg = Debug|Any CPU
		{DCDFBBB0-6AE1-411D-9263-F6605C69C357}.Debug|Any CPU.Build.0 = Debug|Any CPU
		{DCDFBBB0-6AE1-411D-9263-F6605C69C357}.Release|Any CPU.ActiveCfg = Release|Any CPU
		{DCDFBBB0-6AE1-411D-9263-F6605C69C357}.Release|Any CPU.Build.0 = Release|Any CPU
		{C6A0A868-D97C-4ACC-958A-4C037590B3A1}.Debug|Any CPU.ActiveCfg = Debug|Any CPU
		{C6A0A868-D97C-4ACC-958A-4C037590B3A1}.Debug|Any CPU.Build.0 = Debug|Any CPU
		{C6A0A868-D97C-4ACC-958A-4C037590B3A1}.Release|Any CPU.ActiveCfg = Release|Any CPU
		{C6A0A868-D97C-4ACC-958A-4C037590B3A1}.Release|Any CPU.Build.0 = Release|Any CPU
		{7366CCCE-17C1-4832-85A7-94221C718208}.Debug|Any CPU.ActiveCfg = Debug|Any CPU
		{7366CCCE-17C1-4832-85A7-94221C718208}.Debug|Any CPU.Build.0 = Debug|Any CPU
		{7366CCCE-17C1-4832-85A7-94221C718208}.Release|Any CPU.ActiveCfg = Release|Any CPU
		{7366CCCE-17C1-4832-85A7-94221C718208}.Release|Any CPU.Build.0 = Release|Any CPU
		{533B4980-F8B6-4845-9956-2242C68969E3}.Debug|Any CPU.ActiveCfg = Debug|Any CPU
		{533B4980-F8B6-4845-9956-2242C68969E3}.Debug|Any CPU.Build.0 = Debug|Any CPU
		{533B4980-F8B6-4845-9956-2242C68969E3}.Release|Any CPU.ActiveCfg = Release|Any CPU
		{533B4980-F8B6-4845-9956-2242C68969E3}.Release|Any CPU.Build.0 = Release|Any CPU
	EndGlobalSection
	GlobalSection(SolutionProperties) = preSolution
		HideSolutionNode = FALSE
	EndGlobalSection
	GlobalSection(ExtensibilityGlobals) = postSolution
		SolutionGuid = {AA311CF3-3C04-403D-8296-FE640A8CC0C5}
	EndGlobalSection
EndGlobal
